// !$*UTF8*$!
{
	archiveVersion = 1;
	classes = {
	};
	objectVersion = 56;
	objects = {

/* Begin PBXBuildFile section */
		2E0E815F2B6D3C47008F72EF /* ProfileTabBarView.swift in Sources */ = {isa = PBXBuildFile; fileRef = 2E0E815E2B6D3C47008F72EF /* ProfileTabBarView.swift */; };
		2E0E81612B6D3ECE008F72EF /* HomeTabBarView.swift in Sources */ = {isa = PBXBuildFile; fileRef = 2E0E81602B6D3ECE008F72EF /* HomeTabBarView.swift */; };
		2E0E81632B6D3F93008F72EF /* TrackTabBarView.swift in Sources */ = {isa = PBXBuildFile; fileRef = 2E0E81622B6D3F93008F72EF /* TrackTabBarView.swift */; };
		2E0E81652B6D3FB1008F72EF /* WalletTabBarView.swift in Sources */ = {isa = PBXBuildFile; fileRef = 2E0E81642B6D3FB1008F72EF /* WalletTabBarView.swift */; };
		2E0E816A2B6D4997008F72EF /* ServerError.swift in Sources */ = {isa = PBXBuildFile; fileRef = 2E0E81692B6D4997008F72EF /* ServerError.swift */; };
		2E76184C2B6B5C93004F3219 /* InputFieldView.swift in Sources */ = {isa = PBXBuildFile; fileRef = 2E76184B2B6B5C93004F3219 /* InputFieldView.swift */; };
		2E76184E2B6B5C95004F3219 /* LargeButtonStyle.swift in Sources */ = {isa = PBXBuildFile; fileRef = 2E76184D2B6B5C95004F3219 /* LargeButtonStyle.swift */; };
		2E7618512B6B5E86004F3219 /* TabBar.swift in Sources */ = {isa = PBXBuildFile; fileRef = 2E7618502B6B5E86004F3219 /* TabBar.swift */; };
		2E7618542B6B63F8004F3219 /* LogInView.swift in Sources */ = {isa = PBXBuildFile; fileRef = 2E7618532B6B63F8004F3219 /* LogInView.swift */; };
		2E7618562B6B6AFD004F3219 /* CreateAccountView.swift in Sources */ = {isa = PBXBuildFile; fileRef = 2E7618552B6B6AFD004F3219 /* CreateAccountView.swift */; };
		2E7E87AB2B6CFDAC008D45A8 /* RectangleProfileView.swift in Sources */ = {isa = PBXBuildFile; fileRef = 2E7E87AA2B6CFDAC008D45A8 /* RectangleProfileView.swift */; };
		2E8E09102B6A3A4F001BF6A7 /* OnboardingView2.swift in Sources */ = {isa = PBXBuildFile; fileRef = 2E8E090F2B6A3A4F001BF6A7 /* OnboardingView2.swift */; };
		2E8E09122B6A3D44001BF6A7 /* OnboardingView3.swift in Sources */ = {isa = PBXBuildFile; fileRef = 2E8E09112B6A3D44001BF6A7 /* OnboardingView3.swift */; };
		2EB63B9E2B31BF1200121DBC /* testTaskJuniorDevSwiftApp.swift in Sources */ = {isa = PBXBuildFile; fileRef = 2EB63B9D2B31BF1200121DBC /* testTaskJuniorDevSwiftApp.swift */; };
		2EB63BA02B31BF1200121DBC /* ContentView.swift in Sources */ = {isa = PBXBuildFile; fileRef = 2EB63B9F2B31BF1200121DBC /* ContentView.swift */; };
		2EB63BA22B31BF1500121DBC /* Assets.xcassets in Resources */ = {isa = PBXBuildFile; fileRef = 2EB63BA12B31BF1500121DBC /* Assets.xcassets */; };
		2EB63BA52B31BF1500121DBC /* Preview Assets.xcassets in Resources */ = {isa = PBXBuildFile; fileRef = 2EB63BA42B31BF1500121DBC /* Preview Assets.xcassets */; };
		2EBB6C6E2B691C4E004796B2 /* SplashView.swift in Sources */ = {isa = PBXBuildFile; fileRef = 2EBB6C6D2B691C4E004796B2 /* SplashView.swift */; };
		2EBB6C722B692070004796B2 /* OnboardingView.swift in Sources */ = {isa = PBXBuildFile; fileRef = 2EBB6C712B692070004796B2 /* OnboardingView.swift */; };
		2EC6B33B2B6B6F4E00C98421 /* ForgotPasswordView.swift in Sources */ = {isa = PBXBuildFile; fileRef = 2EC6B33A2B6B6F4E00C98421 /* ForgotPasswordView.swift */; };
		2EC6B33D2B6B81E400C98421 /* VerificationOTPView.swift in Sources */ = {isa = PBXBuildFile; fileRef = 2EC6B33C2B6B81E400C98421 /* VerificationOTPView.swift */; };
		AC0C0E472B6CBF760075A057 /* OTPView15.swift in Sources */ = {isa = PBXBuildFile; fileRef = AC0C0E462B6CBF760075A057 /* OTPView15.swift */; };
		AC7411D52B6CE889000D7AE4 /* OTPView14.swift in Sources */ = {isa = PBXBuildFile; fileRef = AC7411D42B6CE889000D7AE4 /* OTPView14.swift */; };
		AC7411D72B6CE8B0000D7AE4 /* OTPModifier.swift in Sources */ = {isa = PBXBuildFile; fileRef = AC7411D62B6CE8B0000D7AE4 /* OTPModifier.swift */; };
		AC7411DA2B6CECA8000D7AE4 /* Types.swift in Sources */ = {isa = PBXBuildFile; fileRef = AC7411D92B6CECA8000D7AE4 /* Types.swift */; };
		AC7411DC2B6CECC0000D7AE4 /* User.swift in Sources */ = {isa = PBXBuildFile; fileRef = AC7411DB2B6CECC0000D7AE4 /* User.swift */; };
		AC7411DE2B6CECFE000D7AE4 /* Loader.swift in Sources */ = {isa = PBXBuildFile; fileRef = AC7411DD2B6CECFE000D7AE4 /* Loader.swift */; };
		AC7411E02B6CF6A0000D7AE4 /* AsyncContentView.swift in Sources */ = {isa = PBXBuildFile; fileRef = AC7411DF2B6CF6A0000D7AE4 /* AsyncContentView.swift */; };
		AC7411E22B6CF6BE000D7AE4 /* LoadingErrorView.swift in Sources */ = {isa = PBXBuildFile; fileRef = AC7411E12B6CF6BE000D7AE4 /* LoadingErrorView.swift */; };
		AC7411E52B6D0C17000D7AE4 /* Utils.swift in Sources */ = {isa = PBXBuildFile; fileRef = AC7411E42B6D0C17000D7AE4 /* Utils.swift */; };
		AC7411E72B6D192B000D7AE4 /* CheckBox.swift in Sources */ = {isa = PBXBuildFile; fileRef = AC7411E62B6D192B000D7AE4 /* CheckBox.swift */; };
		AC7411E92B6D1AFD000D7AE4 /* TermsAndConditionsView.swift in Sources */ = {isa = PBXBuildFile; fileRef = AC7411E82B6D1AFD000D7AE4 /* TermsAndConditionsView.swift */; };
/* End PBXBuildFile section */

/* Begin PBXFileReference section */
		2E0E815E2B6D3C47008F72EF /* ProfileTabBarView.swift */ = {isa = PBXFileReference; lastKnownFileType = sourcecode.swift; path = ProfileTabBarView.swift; sourceTree = "<group>"; };
		2E0E81602B6D3ECE008F72EF /* HomeTabBarView.swift */ = {isa = PBXFileReference; lastKnownFileType = sourcecode.swift; path = HomeTabBarView.swift; sourceTree = "<group>"; };
		2E0E81622B6D3F93008F72EF /* TrackTabBarView.swift */ = {isa = PBXFileReference; lastKnownFileType = sourcecode.swift; path = TrackTabBarView.swift; sourceTree = "<group>"; };
		2E0E81642B6D3FB1008F72EF /* WalletTabBarView.swift */ = {isa = PBXFileReference; lastKnownFileType = sourcecode.swift; path = WalletTabBarView.swift; sourceTree = "<group>"; };
		2E0E81692B6D4997008F72EF /* ServerError.swift */ = {isa = PBXFileReference; lastKnownFileType = sourcecode.swift; path = ServerError.swift; sourceTree = "<group>"; };
		2E76184B2B6B5C93004F3219 /* InputFieldView.swift */ = {isa = PBXFileReference; lastKnownFileType = sourcecode.swift; path = InputFieldView.swift; sourceTree = "<group>"; };
		2E76184D2B6B5C95004F3219 /* LargeButtonStyle.swift */ = {isa = PBXFileReference; lastKnownFileType = sourcecode.swift; path = LargeButtonStyle.swift; sourceTree = "<group>"; };
		2E7618502B6B5E86004F3219 /* TabBar.swift */ = {isa = PBXFileReference; lastKnownFileType = sourcecode.swift; path = TabBar.swift; sourceTree = "<group>"; };
		2E7618532B6B63F8004F3219 /* LogInView.swift */ = {isa = PBXFileReference; lastKnownFileType = sourcecode.swift; path = LogInView.swift; sourceTree = "<group>"; };
		2E7618552B6B6AFD004F3219 /* CreateAccountView.swift */ = {isa = PBXFileReference; lastKnownFileType = sourcecode.swift; path = CreateAccountView.swift; sourceTree = "<group>"; };
		2E7E87AA2B6CFDAC008D45A8 /* RectangleProfileView.swift */ = {isa = PBXFileReference; lastKnownFileType = sourcecode.swift; path = RectangleProfileView.swift; sourceTree = "<group>"; };
		2E8E090F2B6A3A4F001BF6A7 /* OnboardingView2.swift */ = {isa = PBXFileReference; lastKnownFileType = sourcecode.swift; path = OnboardingView2.swift; sourceTree = "<group>"; };
		2E8E09112B6A3D44001BF6A7 /* OnboardingView3.swift */ = {isa = PBXFileReference; lastKnownFileType = sourcecode.swift; path = OnboardingView3.swift; sourceTree = "<group>"; };
		2EB63B9A2B31BF1200121DBC /* testTaskJuniorDevSwift.app */ = {isa = PBXFileReference; explicitFileType = wrapper.application; includeInIndex = 0; path = testTaskJuniorDevSwift.app; sourceTree = BUILT_PRODUCTS_DIR; };
		2EB63B9D2B31BF1200121DBC /* testTaskJuniorDevSwiftApp.swift */ = {isa = PBXFileReference; lastKnownFileType = sourcecode.swift; path = testTaskJuniorDevSwiftApp.swift; sourceTree = "<group>"; };
		2EB63B9F2B31BF1200121DBC /* ContentView.swift */ = {isa = PBXFileReference; lastKnownFileType = sourcecode.swift; path = ContentView.swift; sourceTree = "<group>"; };
		2EB63BA12B31BF1500121DBC /* Assets.xcassets */ = {isa = PBXFileReference; lastKnownFileType = folder.assetcatalog; path = Assets.xcassets; sourceTree = "<group>"; };
		2EB63BA42B31BF1500121DBC /* Preview Assets.xcassets */ = {isa = PBXFileReference; lastKnownFileType = folder.assetcatalog; path = "Preview Assets.xcassets"; sourceTree = "<group>"; };
		2EBB6C6D2B691C4E004796B2 /* SplashView.swift */ = {isa = PBXFileReference; lastKnownFileType = sourcecode.swift; path = SplashView.swift; sourceTree = "<group>"; };
		2EBB6C712B692070004796B2 /* OnboardingView.swift */ = {isa = PBXFileReference; lastKnownFileType = sourcecode.swift; path = OnboardingView.swift; sourceTree = "<group>"; };
		2EC6B33A2B6B6F4E00C98421 /* ForgotPasswordView.swift */ = {isa = PBXFileReference; lastKnownFileType = sourcecode.swift; path = ForgotPasswordView.swift; sourceTree = "<group>"; };
		2EC6B33C2B6B81E400C98421 /* VerificationOTPView.swift */ = {isa = PBXFileReference; lastKnownFileType = sourcecode.swift; path = VerificationOTPView.swift; sourceTree = "<group>"; };
		AC0C0E462B6CBF760075A057 /* OTPView15.swift */ = {isa = PBXFileReference; lastKnownFileType = sourcecode.swift; path = OTPView15.swift; sourceTree = "<group>"; };
		AC7411D42B6CE889000D7AE4 /* OTPView14.swift */ = {isa = PBXFileReference; lastKnownFileType = sourcecode.swift; path = OTPView14.swift; sourceTree = "<group>"; };
		AC7411D62B6CE8B0000D7AE4 /* OTPModifier.swift */ = {isa = PBXFileReference; lastKnownFileType = sourcecode.swift; path = OTPModifier.swift; sourceTree = "<group>"; };
		AC7411D92B6CECA8000D7AE4 /* Types.swift */ = {isa = PBXFileReference; lastKnownFileType = sourcecode.swift; path = Types.swift; sourceTree = "<group>"; };
		AC7411DB2B6CECC0000D7AE4 /* User.swift */ = {isa = PBXFileReference; lastKnownFileType = sourcecode.swift; path = User.swift; sourceTree = "<group>"; };
		AC7411DD2B6CECFE000D7AE4 /* Loader.swift */ = {isa = PBXFileReference; lastKnownFileType = sourcecode.swift; path = Loader.swift; sourceTree = "<group>"; };
		AC7411DF2B6CF6A0000D7AE4 /* AsyncContentView.swift */ = {isa = PBXFileReference; lastKnownFileType = sourcecode.swift; path = AsyncContentView.swift; sourceTree = "<group>"; };
		AC7411E12B6CF6BE000D7AE4 /* LoadingErrorView.swift */ = {isa = PBXFileReference; lastKnownFileType = sourcecode.swift; path = LoadingErrorView.swift; sourceTree = "<group>"; };
		AC7411E42B6D0C17000D7AE4 /* Utils.swift */ = {isa = PBXFileReference; lastKnownFileType = sourcecode.swift; path = Utils.swift; sourceTree = "<group>"; };
		AC7411E62B6D192B000D7AE4 /* CheckBox.swift */ = {isa = PBXFileReference; lastKnownFileType = sourcecode.swift; path = CheckBox.swift; sourceTree = "<group>"; };
		AC7411E82B6D1AFD000D7AE4 /* TermsAndConditionsView.swift */ = {isa = PBXFileReference; lastKnownFileType = sourcecode.swift; path = TermsAndConditionsView.swift; sourceTree = "<group>"; };
/* End PBXFileReference section */

/* Begin PBXFrameworksBuildPhase section */
		2EB63B972B31BF1200121DBC /* Frameworks */ = {
			isa = PBXFrameworksBuildPhase;
			buildActionMask = 2147483647;
			files = (
			);
			runOnlyForDeploymentPostprocessing = 0;
		};
/* End PBXFrameworksBuildPhase section */

/* Begin PBXGroup section */
		2E0E81662B6D3FBE008F72EF /* TabBarViews */ = {
			isa = PBXGroup;
			children = (
				2E0E815E2B6D3C47008F72EF /* ProfileTabBarView.swift */,
				2E0E81602B6D3ECE008F72EF /* HomeTabBarView.swift */,
				2E0E81622B6D3F93008F72EF /* TrackTabBarView.swift */,
				2E0E81642B6D3FB1008F72EF /* WalletTabBarView.swift */,
			);
			path = TabBarViews;
			sourceTree = "<group>";
		};
		2E7618482B6B5BC7004F3219 /* Onboarding */ = {
			isa = PBXGroup;
			children = (
				2EBB6C712B692070004796B2 /* OnboardingView.swift */,
				2E8E090F2B6A3A4F001BF6A7 /* OnboardingView2.swift */,
				2E8E09112B6A3D44001BF6A7 /* OnboardingView3.swift */,
			);
			path = Onboarding;
			sourceTree = "<group>";
		};
		2E76184F2B6B5E6D004F3219 /* TabBar */ = {
			isa = PBXGroup;
			children = (
				2E0E81662B6D3FBE008F72EF /* TabBarViews */,
				2E7618502B6B5E86004F3219 /* TabBar.swift */,
				2E7E87AA2B6CFDAC008D45A8 /* RectangleProfileView.swift */,
			);
			path = TabBar;
			sourceTree = "<group>";
		};
		2E7618522B6B6349004F3219 /* Sign Up */ = {
			isa = PBXGroup;
			children = (
				2E7618552B6B6AFD004F3219 /* CreateAccountView.swift */,
				2E7618532B6B63F8004F3219 /* LogInView.swift */,
				2EC6B33A2B6B6F4E00C98421 /* ForgotPasswordView.swift */,
				2EC6B33C2B6B81E400C98421 /* VerificationOTPView.swift */,
				AC7411E62B6D192B000D7AE4 /* CheckBox.swift */,
				AC7411E82B6D1AFD000D7AE4 /* TermsAndConditionsView.swift */,
				AC7411D32B6CE879000D7AE4 /* OTPView */,
			);
			path = "Sign Up";
			sourceTree = "<group>";
		};
		2EB63B912B31BF1200121DBC = {
			isa = PBXGroup;
			children = (
				2EB63B9C2B31BF1200121DBC /* testTaskJuniorDevSwift */,
				2EB63B9B2B31BF1200121DBC /* Products */,
			);
			sourceTree = "<group>";
		};
		2EB63B9B2B31BF1200121DBC /* Products */ = {
			isa = PBXGroup;
			children = (
				2EB63B9A2B31BF1200121DBC /* testTaskJuniorDevSwift.app */,
			);
			name = Products;
			sourceTree = "<group>";
		};
		2EB63B9C2B31BF1200121DBC /* testTaskJuniorDevSwift */ = {
			isa = PBXGroup;
			children = (
				AC7411E32B6D0C0C000D7AE4 /* Utils */,
				AC7411D82B6CEC9B000D7AE4 /* Models */,
				2E7618522B6B6349004F3219 /* Sign Up */,
				2EB63B9D2B31BF1200121DBC /* testTaskJuniorDevSwiftApp.swift */,
				2EB63B9F2B31BF1200121DBC /* ContentView.swift */,
				2EBB6C6D2B691C4E004796B2 /* SplashView.swift */,
				2E76184B2B6B5C93004F3219 /* InputFieldView.swift */,
				2E76184D2B6B5C95004F3219 /* LargeButtonStyle.swift */,
				2E76184F2B6B5E6D004F3219 /* TabBar */,
				2E7618482B6B5BC7004F3219 /* Onboarding */,
				2EB63BA12B31BF1500121DBC /* Assets.xcassets */,
				2EB63BA32B31BF1500121DBC /* Preview Content */,
			);
			path = testTaskJuniorDevSwift;
			sourceTree = "<group>";
		};
		2EB63BA32B31BF1500121DBC /* Preview Content */ = {
			isa = PBXGroup;
			children = (
				2EB63BA42B31BF1500121DBC /* Preview Assets.xcassets */,
			);
			path = "Preview Content";
			sourceTree = "<group>";
		};
		AC7411D32B6CE879000D7AE4 /* OTPView */ = {
			isa = PBXGroup;
			children = (
				AC0C0E462B6CBF760075A057 /* OTPView15.swift */,
				AC7411D42B6CE889000D7AE4 /* OTPView14.swift */,
				AC7411D62B6CE8B0000D7AE4 /* OTPModifier.swift */,
			);
			path = OTPView;
			sourceTree = "<group>";
		};
		AC7411D82B6CEC9B000D7AE4 /* Models */ = {
			isa = PBXGroup;
			children = (
				AC7411DD2B6CECFE000D7AE4 /* Loader.swift */,
				AC7411D92B6CECA8000D7AE4 /* Types.swift */,
				AC7411DB2B6CECC0000D7AE4 /* User.swift */,
				AC7411DF2B6CF6A0000D7AE4 /* AsyncContentView.swift */,
				AC7411E12B6CF6BE000D7AE4 /* LoadingErrorView.swift */,
				2E0E81692B6D4997008F72EF /* ServerError.swift */,
			);
			path = Models;
			sourceTree = "<group>";
		};
		AC7411E32B6D0C0C000D7AE4 /* Utils */ = {
			isa = PBXGroup;
			children = (
				AC7411E42B6D0C17000D7AE4 /* Utils.swift */,
			);
			path = Utils;
			sourceTree = "<group>";
		};
/* End PBXGroup section */

/* Begin PBXNativeTarget section */
		2EB63B992B31BF1200121DBC /* testTaskJuniorDevSwift */ = {
			isa = PBXNativeTarget;
			buildConfigurationList = 2EB63BA82B31BF1500121DBC /* Build configuration list for PBXNativeTarget "testTaskJuniorDevSwift" */;
			buildPhases = (
				2EB63B962B31BF1200121DBC /* Sources */,
				2EB63B972B31BF1200121DBC /* Frameworks */,
				2EB63B982B31BF1200121DBC /* Resources */,
			);
			buildRules = (
			);
			dependencies = (
			);
			name = testTaskJuniorDevSwift;
			productName = testTaskJuniorDevSwift;
			productReference = 2EB63B9A2B31BF1200121DBC /* testTaskJuniorDevSwift.app */;
			productType = "com.apple.product-type.application";
		};
/* End PBXNativeTarget section */

/* Begin PBXProject section */
		2EB63B922B31BF1200121DBC /* Project object */ = {
			isa = PBXProject;
			attributes = {
				BuildIndependentTargetsInParallel = 1;
				LastSwiftUpdateCheck = 1500;
				LastUpgradeCheck = 1500;
				TargetAttributes = {
					2EB63B992B31BF1200121DBC = {
						CreatedOnToolsVersion = 15.0.1;
					};
				};
			};
			buildConfigurationList = 2EB63B952B31BF1200121DBC /* Build configuration list for PBXProject "testTaskJuniorDevSwift" */;
			compatibilityVersion = "Xcode 14.0";
			developmentRegion = en;
			hasScannedForEncodings = 0;
			knownRegions = (
				en,
				Base,
			);
			mainGroup = 2EB63B912B31BF1200121DBC;
			productRefGroup = 2EB63B9B2B31BF1200121DBC /* Products */;
			projectDirPath = "";
			projectRoot = "";
			targets = (
				2EB63B992B31BF1200121DBC /* testTaskJuniorDevSwift */,
			);
		};
/* End PBXProject section */

/* Begin PBXResourcesBuildPhase section */
		2EB63B982B31BF1200121DBC /* Resources */ = {
			isa = PBXResourcesBuildPhase;
			buildActionMask = 2147483647;
			files = (
				2EB63BA52B31BF1500121DBC /* Preview Assets.xcassets in Resources */,
				2EB63BA22B31BF1500121DBC /* Assets.xcassets in Resources */,
			);
			runOnlyForDeploymentPostprocessing = 0;
		};
/* End PBXResourcesBuildPhase section */

/* Begin PBXSourcesBuildPhase section */
		2EB63B962B31BF1200121DBC /* Sources */ = {
			isa = PBXSourcesBuildPhase;
			buildActionMask = 2147483647;
			files = (
				AC0C0E472B6CBF760075A057 /* OTPView15.swift in Sources */,
				2EBB6C722B692070004796B2 /* OnboardingView.swift in Sources */,
				2E0E815F2B6D3C47008F72EF /* ProfileTabBarView.swift in Sources */,
				2E76184E2B6B5C95004F3219 /* LargeButtonStyle.swift in Sources */,
				2E7E87AB2B6CFDAC008D45A8 /* RectangleProfileView.swift in Sources */,
				2E0E816A2B6D4997008F72EF /* ServerError.swift in Sources */,
				AC7411DA2B6CECA8000D7AE4 /* Types.swift in Sources */,
				2E7618542B6B63F8004F3219 /* LogInView.swift in Sources */,
				AC7411E02B6CF6A0000D7AE4 /* AsyncContentView.swift in Sources */,
				2EB63BA02B31BF1200121DBC /* ContentView.swift in Sources */,
				2EB63B9E2B31BF1200121DBC /* testTaskJuniorDevSwiftApp.swift in Sources */,
				2E0E81652B6D3FB1008F72EF /* WalletTabBarView.swift in Sources */,
				2E0E81612B6D3ECE008F72EF /* HomeTabBarView.swift in Sources */,
				AC7411DE2B6CECFE000D7AE4 /* Loader.swift in Sources */,
				2EC6B33D2B6B81E400C98421 /* VerificationOTPView.swift in Sources */,
				2E7618562B6B6AFD004F3219 /* CreateAccountView.swift in Sources */,
				2E8E09122B6A3D44001BF6A7 /* OnboardingView3.swift in Sources */,
				AC7411E72B6D192B000D7AE4 /* CheckBox.swift in Sources */,
				2EBB6C6E2B691C4E004796B2 /* SplashView.swift in Sources */,
				2E76184C2B6B5C93004F3219 /* InputFieldView.swift in Sources */,
				AC7411E52B6D0C17000D7AE4 /* Utils.swift in Sources */,
				AC7411D52B6CE889000D7AE4 /* OTPView14.swift in Sources */,
				2E8E09102B6A3A4F001BF6A7 /* OnboardingView2.swift in Sources */,
				AC7411E22B6CF6BE000D7AE4 /* LoadingErrorView.swift in Sources */,
				AC7411DC2B6CECC0000D7AE4 /* User.swift in Sources */,
				2E0E81632B6D3F93008F72EF /* TrackTabBarView.swift in Sources */,
				2EC6B33B2B6B6F4E00C98421 /* ForgotPasswordView.swift in Sources */,
				AC7411D72B6CE8B0000D7AE4 /* OTPModifier.swift in Sources */,
				2E7618512B6B5E86004F3219 /* TabBar.swift in Sources */,
				AC7411E92B6D1AFD000D7AE4 /* TermsAndConditionsView.swift in Sources */,
			);
			runOnlyForDeploymentPostprocessing = 0;
		};
/* End PBXSourcesBuildPhase section */

/* Begin XCBuildConfiguration section */
		2EB63BA62B31BF1500121DBC /* Debug */ = {
			isa = XCBuildConfiguration;
			buildSettings = {
				ALWAYS_SEARCH_USER_PATHS = NO;
				ASSETCATALOG_COMPILER_GENERATE_SWIFT_ASSET_SYMBOL_EXTENSIONS = YES;
				CLANG_ANALYZER_NONNULL = YES;
				CLANG_ANALYZER_NUMBER_OBJECT_CONVERSION = YES_AGGRESSIVE;
				CLANG_CXX_LANGUAGE_STANDARD = "gnu++20";
				CLANG_ENABLE_MODULES = YES;
				CLANG_ENABLE_OBJC_ARC = YES;
				CLANG_ENABLE_OBJC_WEAK = YES;
				CLANG_WARN_BLOCK_CAPTURE_AUTORELEASING = YES;
				CLANG_WARN_BOOL_CONVERSION = YES;
				CLANG_WARN_COMMA = YES;
				CLANG_WARN_CONSTANT_CONVERSION = YES;
				CLANG_WARN_DEPRECATED_OBJC_IMPLEMENTATIONS = YES;
				CLANG_WARN_DIRECT_OBJC_ISA_USAGE = YES_ERROR;
				CLANG_WARN_DOCUMENTATION_COMMENTS = YES;
				CLANG_WARN_EMPTY_BODY = YES;
				CLANG_WARN_ENUM_CONVERSION = YES;
				CLANG_WARN_INFINITE_RECURSION = YES;
				CLANG_WARN_INT_CONVERSION = YES;
				CLANG_WARN_NON_LITERAL_NULL_CONVERSION = YES;
				CLANG_WARN_OBJC_IMPLICIT_RETAIN_SELF = YES;
				CLANG_WARN_OBJC_LITERAL_CONVERSION = YES;
				CLANG_WARN_OBJC_ROOT_CLASS = YES_ERROR;
				CLANG_WARN_QUOTED_INCLUDE_IN_FRAMEWORK_HEADER = YES;
				CLANG_WARN_RANGE_LOOP_ANALYSIS = YES;
				CLANG_WARN_STRICT_PROTOTYPES = YES;
				CLANG_WARN_SUSPICIOUS_MOVE = YES;
				CLANG_WARN_UNGUARDED_AVAILABILITY = YES_AGGRESSIVE;
				CLANG_WARN_UNREACHABLE_CODE = YES;
				CLANG_WARN__DUPLICATE_METHOD_MATCH = YES;
				COPY_PHASE_STRIP = NO;
				DEBUG_INFORMATION_FORMAT = dwarf;
				ENABLE_STRICT_OBJC_MSGSEND = YES;
				ENABLE_TESTABILITY = YES;
				ENABLE_USER_SCRIPT_SANDBOXING = YES;
				GCC_C_LANGUAGE_STANDARD = gnu17;
				GCC_DYNAMIC_NO_PIC = NO;
				GCC_NO_COMMON_BLOCKS = YES;
				GCC_OPTIMIZATION_LEVEL = 0;
				GCC_PREPROCESSOR_DEFINITIONS = (
					"DEBUG=1",
					"$(inherited)",
				);
				GCC_WARN_64_TO_32_BIT_CONVERSION = YES;
				GCC_WARN_ABOUT_RETURN_TYPE = YES_ERROR;
				GCC_WARN_UNDECLARED_SELECTOR = YES;
				GCC_WARN_UNINITIALIZED_AUTOS = YES_AGGRESSIVE;
				GCC_WARN_UNUSED_FUNCTION = YES;
				GCC_WARN_UNUSED_VARIABLE = YES;
				IPHONEOS_DEPLOYMENT_TARGET = 17.0;
				LOCALIZATION_PREFERS_STRING_CATALOGS = YES;
				MTL_ENABLE_DEBUG_INFO = INCLUDE_SOURCE;
				MTL_FAST_MATH = YES;
				ONLY_ACTIVE_ARCH = YES;
				SDKROOT = iphoneos;
				SWIFT_ACTIVE_COMPILATION_CONDITIONS = "DEBUG $(inherited)";
				SWIFT_OPTIMIZATION_LEVEL = "-Onone";
			};
			name = Debug;
		};
		2EB63BA72B31BF1500121DBC /* Release */ = {
			isa = XCBuildConfiguration;
			buildSettings = {
				ALWAYS_SEARCH_USER_PATHS = NO;
				ASSETCATALOG_COMPILER_GENERATE_SWIFT_ASSET_SYMBOL_EXTENSIONS = YES;
				CLANG_ANALYZER_NONNULL = YES;
				CLANG_ANALYZER_NUMBER_OBJECT_CONVERSION = YES_AGGRESSIVE;
				CLANG_CXX_LANGUAGE_STANDARD = "gnu++20";
				CLANG_ENABLE_MODULES = YES;
				CLANG_ENABLE_OBJC_ARC = YES;
				CLANG_ENABLE_OBJC_WEAK = YES;
				CLANG_WARN_BLOCK_CAPTURE_AUTORELEASING = YES;
				CLANG_WARN_BOOL_CONVERSION = YES;
				CLANG_WARN_COMMA = YES;
				CLANG_WARN_CONSTANT_CONVERSION = YES;
				CLANG_WARN_DEPRECATED_OBJC_IMPLEMENTATIONS = YES;
				CLANG_WARN_DIRECT_OBJC_ISA_USAGE = YES_ERROR;
				CLANG_WARN_DOCUMENTATION_COMMENTS = YES;
				CLANG_WARN_EMPTY_BODY = YES;
				CLANG_WARN_ENUM_CONVERSION = YES;
				CLANG_WARN_INFINITE_RECURSION = YES;
				CLANG_WARN_INT_CONVERSION = YES;
				CLANG_WARN_NON_LITERAL_NULL_CONVERSION = YES;
				CLANG_WARN_OBJC_IMPLICIT_RETAIN_SELF = YES;
				CLANG_WARN_OBJC_LITERAL_CONVERSION = YES;
				CLANG_WARN_OBJC_ROOT_CLASS = YES_ERROR;
				CLANG_WARN_QUOTED_INCLUDE_IN_FRAMEWORK_HEADER = YES;
				CLANG_WARN_RANGE_LOOP_ANALYSIS = YES;
				CLANG_WARN_STRICT_PROTOTYPES = YES;
				CLANG_WARN_SUSPICIOUS_MOVE = YES;
				CLANG_WARN_UNGUARDED_AVAILABILITY = YES_AGGRESSIVE;
				CLANG_WARN_UNREACHABLE_CODE = YES;
				CLANG_WARN__DUPLICATE_METHOD_MATCH = YES;
				COPY_PHASE_STRIP = NO;
				DEBUG_INFORMATION_FORMAT = "dwarf-with-dsym";
				ENABLE_NS_ASSERTIONS = NO;
				ENABLE_STRICT_OBJC_MSGSEND = YES;
				ENABLE_USER_SCRIPT_SANDBOXING = YES;
				GCC_C_LANGUAGE_STANDARD = gnu17;
				GCC_NO_COMMON_BLOCKS = YES;
				GCC_WARN_64_TO_32_BIT_CONVERSION = YES;
				GCC_WARN_ABOUT_RETURN_TYPE = YES_ERROR;
				GCC_WARN_UNDECLARED_SELECTOR = YES;
				GCC_WARN_UNINITIALIZED_AUTOS = YES_AGGRESSIVE;
				GCC_WARN_UNUSED_FUNCTION = YES;
				GCC_WARN_UNUSED_VARIABLE = YES;
				IPHONEOS_DEPLOYMENT_TARGET = 17.0;
				LOCALIZATION_PREFERS_STRING_CATALOGS = YES;
				MTL_ENABLE_DEBUG_INFO = NO;
				MTL_FAST_MATH = YES;
				SDKROOT = iphoneos;
				SWIFT_COMPILATION_MODE = wholemodule;
				VALIDATE_PRODUCT = YES;
			};
			name = Release;
		};
		2EB63BA92B31BF1500121DBC /* Debug */ = {
			isa = XCBuildConfiguration;
			buildSettings = {
				ASSETCATALOG_COMPILER_APPICON_NAME = AppIcon;
				ASSETCATALOG_COMPILER_GLOBAL_ACCENT_COLOR_NAME = AccentColor;
				CODE_SIGN_STYLE = Automatic;
				CURRENT_PROJECT_VERSION = 1;
				DEVELOPMENT_ASSET_PATHS = "\"testTaskJuniorDevSwift/Preview Content\"";
				ENABLE_PREVIEWS = YES;
				GENERATE_INFOPLIST_FILE = YES;
				INFOPLIST_KEY_UIApplicationSceneManifest_Generation = YES;
				INFOPLIST_KEY_UIApplicationSupportsIndirectInputEvents = YES;
				INFOPLIST_KEY_UILaunchScreen_Generation = YES;
				INFOPLIST_KEY_UISupportedInterfaceOrientations_iPad = "UIInterfaceOrientationPortrait UIInterfaceOrientationPortraitUpsideDown UIInterfaceOrientationLandscapeLeft UIInterfaceOrientationLandscapeRight";
				INFOPLIST_KEY_UISupportedInterfaceOrientations_iPhone = "UIInterfaceOrientationPortrait UIInterfaceOrientationLandscapeLeft UIInterfaceOrientationLandscapeRight";
				IPHONEOS_DEPLOYMENT_TARGET = 14.0;
				LD_RUNPATH_SEARCH_PATHS = (
					"$(inherited)",
					"@executable_path/Frameworks",
				);
				MARKETING_VERSION = 1.0;
				PRODUCT_BUNDLE_IDENTIFIER = com.testTaskJuniorDevSwift;
				PRODUCT_NAME = "$(TARGET_NAME)";
				SWIFT_EMIT_LOC_STRINGS = YES;
				SWIFT_VERSION = 5.0;
				TARGETED_DEVICE_FAMILY = "1,2";
			};
			name = Debug;
		};
		2EB63BAA2B31BF1500121DBC /* Release */ = {
			isa = XCBuildConfiguration;
			buildSettings = {
				ASSETCATALOG_COMPILER_APPICON_NAME = AppIcon;
				ASSETCATALOG_COMPILER_GLOBAL_ACCENT_COLOR_NAME = AccentColor;
				CODE_SIGN_STYLE = Automatic;
				CURRENT_PROJECT_VERSION = 1;
				DEVELOPMENT_ASSET_PATHS = "\"testTaskJuniorDevSwift/Preview Content\"";
				ENABLE_PREVIEWS = YES;
				GENERATE_INFOPLIST_FILE = YES;
				INFOPLIST_KEY_UIApplicationSceneManifest_Generation = YES;
				INFOPLIST_KEY_UIApplicationSupportsIndirectInputEvents = YES;
				INFOPLIST_KEY_UILaunchScreen_Generation = YES;
				INFOPLIST_KEY_UISupportedInterfaceOrientations_iPad = "UIInterfaceOrientationPortrait UIInterfaceOrientationPortraitUpsideDown UIInterfaceOrientationLandscapeLeft UIInterfaceOrientationLandscapeRight";
				INFOPLIST_KEY_UISupportedInterfaceOrientations_iPhone = "UIInterfaceOrientationPortrait UIInterfaceOrientationLandscapeLeft UIInterfaceOrientationLandscapeRight";
				IPHONEOS_DEPLOYMENT_TARGET = 14.0;
				LD_RUNPATH_SEARCH_PATHS = (
					"$(inherited)",
					"@executable_path/Frameworks",
				);
				MARKETING_VERSION = 1.0;
				PRODUCT_BUNDLE_IDENTIFIER = com.testTaskJuniorDevSwift;
				PRODUCT_NAME = "$(TARGET_NAME)";
				SWIFT_EMIT_LOC_STRINGS = YES;
				SWIFT_VERSION = 5.0;
				TARGETED_DEVICE_FAMILY = "1,2";
			};
			name = Release;
		};
/* End XCBuildConfiguration section */

/* Begin XCConfigurationList section */
		2EB63B952B31BF1200121DBC /* Build configuration list for PBXProject "testTaskJuniorDevSwift" */ = {
			isa = XCConfigurationList;
			buildConfigurations = (
				2EB63BA62B31BF1500121DBC /* Debug */,
				2EB63BA72B31BF1500121DBC /* Release */,
			);
			defaultConfigurationIsVisible = 0;
			defaultConfigurationName = Release;
		};
		2EB63BA82B31BF1500121DBC /* Build configuration list for PBXNativeTarget "testTaskJuniorDevSwift" */ = {
			isa = XCConfigurationList;
			buildConfigurations = (
				2EB63BA92B31BF1500121DBC /* Debug */,
				2EB63BAA2B31BF1500121DBC /* Release */,
			);
			defaultConfigurationIsVisible = 0;
			defaultConfigurationName = Release;
		};
/* End XCConfigurationList section */
	};
	rootObject = 2EB63B922B31BF1200121DBC /* Project object */;
}
